
Microsoft Visual Studio Solution File, Format Version 12.00
# Visual Studio Version 17
VisualStudioVersion = 17.1.32328.378
MinimumVisualStudioVersion = 10.0.40219.1
Project("{FAE04EC0-301F-11D3-BF4B-00C04F79EFBC}") = "FluentV2Ray", "FluentV2Ray\FluentV2Ray.csproj", "{EC2BFAC8-EDE0-4BFD-8B18-9E950AF59BCC}"
EndProject
Global
	GlobalSection(SolutionConfigurationPlatforms) = preSolution
		Debug|arm64 = Debug|arm64
		Debug|x64 = Debug|x64
		Debug|x86 = Debug|x86
		Release|arm64 = Release|arm64
		Release|x64 = Release|x64
		Release|x86 = Release|x86
	EndGlobalSection
	GlobalSection(ProjectConfigurationPlatforms) = postSolution
		{EC2BFAC8-EDE0-4BFD-8B18-9E950AF59BCC}.Debug|arm64.ActiveCfg = Debug|arm64
		{EC2BFAC8-EDE0-4BFD-8B18-9E950AF59BCC}.Debug|arm64.Build.0 = Debug|arm64
		{EC2BFAC8-EDE0-4BFD-8B18-9E950AF59BCC}.Debug|arm64.Deploy.0 = Debug|arm64
		{EC2BFAC8-EDE0-4BFD-8B18-9E950AF59BCC}.Debug|x64.ActiveCfg = Debug|x64
		{EC2BFAC8-EDE0-4BFD-8B18-9E950AF59BCC}.Debug|x64.Build.0 = Debug|x64
		{EC2BFAC8-EDE0-4BFD-8B18-9E950AF59BCC}.Debug|x64.Deploy.0 = Debug|x64
		{EC2BFAC8-EDE0-4BFD-8B18-9E950AF59BCC}.Debug|x86.ActiveCfg = Debug|x86
		{EC2BFAC8-EDE0-4BFD-8B18-9E950AF59BCC}.Debug|x86.Build.0 = Debug|x86
		{EC2BFAC8-EDE0-4BFD-8B18-9E950AF59BCC}.Debug|x86.Deploy.0 = Debug|x86
		{EC2BFAC8-EDE0-4BFD-8B18-9E950AF59BCC}.Release|arm64.ActiveCfg = Release|arm64
		{EC2BFAC8-EDE0-4BFD-8B18-9E950AF59BCC}.Release|arm64.Build.0 = Release|arm64
		{EC2BFAC8-EDE0-4BFD-8B18-9E950AF59BCC}.Release|arm64.Deploy.0 = Release|arm64
		{EC2BFAC8-EDE0-4BFD-8B18-9E950AF59BCC}.Release|x64.ActiveCfg = Release|x64
		{EC2BFAC8-EDE0-4BFD-8B18-9E950AF59BCC}.Release|x64.Build.0 = Release|x64
		{EC2BFAC8-EDE0-4BFD-8B18-9E950AF59BCC}.Release|x64.Deploy.0 = Release|x64
		{EC2BFAC8-EDE0-4BFD-8B18-9E950AF59BCC}.Release|x86.ActiveCfg = Release|x86
		{EC2BFAC8-EDE0-4BFD-8B18-9E950AF59BCC}.Release|x86.Build.0 = Release|x86
		{EC2BFAC8-EDE0-4BFD-8B18-9E950AF59BCC}.Release|x86.Deploy.0 = Release|x86
	EndGlobalSection
	GlobalSection(SolutionProperties) = preSolution
		HideSolutionNode = FALSE
	EndGlobalSection
	GlobalSection(ExtensibilityGlobals) = postSolution
		SolutionGuid = {A9E92166-9F01-4D90-BF5F-92C7733A735E}
	EndGlobalSection
EndGlobal
